// !$*UTF8*$!
{
	archiveVersion = 1;
	classes = {
	};
	objectVersion = 77;
	objects = {

/* Begin PBXContainerItemProxy section */
		B50A29602F0A5492006C5220 /* PBXContainerItemProxy */ = {
			isa = PBXContainerItemProxy;
			containerPortal = B50A29412F0A5490006C5220 /* Project object */;
			proxyType = 1;
			remoteGlobalIDString = B50A29482F0A5490006C5220;
			remoteInfo = TappableAreaUXTool;
		};
		B50A296A2F0A5492006C5220 /* PBXContainerItemProxy */ = {
			isa = PBXContainerItemProxy;
			containerPortal = B50A29412F0A5490006C5220 /* Project object */;
			proxyType = 1;
			remoteGlobalIDString = B50A29482F0A5490006C5220;
			remoteInfo = TappableAreaUXTool;
		};
/* End PBXContainerItemProxy section */

/* Begin PBXFileReference section */
		B50A29492F0A5490006C5220 /* TappableAreaUXTool.app */ = {isa = PBXFileReference; explicitFileType = wrapper.application; includeInIndex = 0; path = TappableAreaUXTool.app; sourceTree = BUILT_PRODUCTS_DIR; };
		B50A295F2F0A5492006C5220 /* TappableAreaUXToolTests.xctest */ = {isa = PBXFileReference; explicitFileType = wrapper.cfbundle; includeInIndex = 0; path = TappableAreaUXToolTests.xctest; sourceTree = BUILT_PRODUCTS_DIR; };
		B50A29692F0A5492006C5220 /* TappableAreaUXToolUITests.xctest */ = {isa = PBXFileReference; explicitFileType = wrapper.cfbundle; includeInIndex = 0; path = TappableAreaUXToolUITests.xctest; sourceTree = BUILT_PRODUCTS_DIR; };
/* End PBXFileReference section */

/* Begin PBXFileSystemSynchronizedBuildFileExceptionSet section */
		B50A29712F0A5492006C5220 /* Exceptions for "TappableAreaUXTool" folder in "TappableAreaUXTool" target */ = {
			isa = PBXFileSystemSynchronizedBuildFileExceptionSet;
			membershipExceptions = (
				Info.plist,
			);
			target = B50A29482F0A5490006C5220 /* TappableAreaUXTool */;
		};
/* End PBXFileSystemSynchronizedBuildFileExceptionSet section */

/* Begin PBXFileSystemSynchronizedRootGroup section */
		B50A294B2F0A5490006C5220 /* TappableAreaUXTool */ = {
			isa = PBXFileSystemSynchronizedRootGroup;
			exceptions = (
				B50A29712F0A5492006C5220 /* Exceptions for "TappableAreaUXTool" folder in "TappableAreaUXTool" target */,
			);
			path = TappableAreaUXTool;
			sourceTree = "<group>";
		};
		B50A29622F0A5492006C5220 /* TappableAreaUXToolTests */ = {
			isa = PBXFileSystemSynchronizedRootGroup;
			path = TappableAreaUXToolTests;
			sourceTree = "<group>";
		};
		B50A296C2F0A5492006C5220 /* TappableAreaUXToolUITests */ = {
			isa = PBXFileSystemSynchronizedRootGroup;
			path = TappableAreaUXToolUITests;
			sourceTree = "<group>";
		};
/* End PBXFileSystemSynchronizedRootGroup section */

/* Begin PBXFrameworksBuildPhase section */
		B50A29462F0A5490006C5220 /* Frameworks */ = {
			isa = PBXFrameworksBuildPhase;
			buildActionMask = 2147483647;
			files = (
			);
			runOnlyForDeploymentPostprocessing = 0;
		};
		B50A295C2F0A5492006C5220 /* Frameworks */ = {
			isa = PBXFrameworksBuildPhase;
			buildActionMask = 2147483647;
			files = (
			);
			runOnlyForDeploymentPostprocessing = 0;
		};
		B50A29662F0A5492006C5220 /* Frameworks */ = {
			isa = PBXFrameworksBuildPhase;
			buildActionMask = 2147483647;
			files = (
			);
			runOnlyForDeploymentPostprocessing = 0;
		};
/* End PBXFrameworksBuildPhase section */

/* Begin PBXGroup section */
		B50A29402F0A5490006C5220 = {
			isa = PBXGroup;
			children = (
				B50A294B2F0A5490006C5220 /* TappableAreaUXTool */,
				B50A29622F0A5492006C5220 /* TappableAreaUXToolTests */,
				B50A296C2F0A5492006C5220 /* TappableAreaUXToolUITests */,
				B50A294A2F0A5490006C5220 /* Products */,
			);
			sourceTree = "<group>";
		};
		B50A294A2F0A5490006C5220 /* Products */ = {
			isa = PBXGroup;
			children = (
				B50A29492F0A5490006C5220 /* TappableAreaUXTool.app */,
				B50A295F2F0A5492006C5220 /* TappableAreaUXToolTests.xctest */,
				B50A29692F0A5492006C5220 /* TappableAreaUXToolUITests.xctest */,
			);
			name = Products;
			sourceTree = "<group>";
		};
/* End PBXGroup section */

/* Begin PBXNativeTarget section */
		B50A29482F0A5490006C5220 /* TappableAreaUXTool */ = {
			isa = PBXNativeTarget;
			buildConfigurationList = B50A29722F0A5492006C5220 /* Build configuration list for PBXNativeTarget "TappableAreaUXTool" */;
			buildPhases = (
				B50A29452F0A5490006C5220 /* Sources */,
				B50A29462F0A5490006C5220 /* Frameworks */,
				B50A29472F0A5490006C5220 /* Resources */,
			);
			buildRules = (
			);
			dependencies = (
			);
			fileSystemSynchronizedGroups = (
				B50A294B2F0A5490006C5220 /* TappableAreaUXTool */,
			);
			name = TappableAreaUXTool;
			packageProductDependencies = (
			);
			productName = TappableAreaUXTool;
			productReference = B50A29492F0A5490006C5220 /* TappableAreaUXTool.app */;
			productType = "com.apple.product-type.application";
		};
		B50A295E2F0A5492006C5220 /* TappableAreaUXToolTests */ = {
			isa = PBXNativeTarget;
			buildConfigurationList = B50A29772F0A5492006C5220 /* Build configuration list for PBXNativeTarget "TappableAreaUXToolTests" */;
			buildPhases = (
				B50A295B2F0A5492006C5220 /* Sources */,
				B50A295C2F0A5492006C5220 /* Frameworks */,
				B50A295D2F0A5492006C5220 /* Resources */,
			);
			buildRules = (
			);
			dependencies = (
				B50A29612F0A5492006C5220 /* PBXTargetDependency */,
			);
			fileSystemSynchronizedGroups = (
				B50A29622F0A5492006C5220 /* TappableAreaUXToolTests */,
			);
			name = TappableAreaUXToolTests;
			packageProductDependencies = (
			);
			productName = TappableAreaUXToolTests;
			productReference = B50A295F2F0A5492006C5220 /* TappableAreaUXToolTests.xctest */;
			productType = "com.apple.product-type.bundle.unit-test";
		};
		B50A29682F0A5492006C5220 /* TappableAreaUXToolUITests */ = {
			isa = PBXNativeTarget;
			buildConfigurationList = B50A297A2F0A5492006C5220 /* Build configuration list for PBXNativeTarget "TappableAreaUXToolUITests" */;
			buildPhases = (
				B50A29652F0A5492006C5220 /* Sources */,
				B50A29662F0A5492006C5220 /* Frameworks */,
				B50A29672F0A5492006C5220 /* Resources */,
			);
			buildRules = (
			);
			dependencies = (
				B50A296B2F0A5492006C5220 /* PBXTargetDependency */,
			);
			fileSystemSynchronizedGroups = (
				B50A296C2F0A5492006C5220 /* TappableAreaUXToolUITests */,
			);
			name = TappableAreaUXToolUITests;
			packageProductDependencies = (
			);
			productName = TappableAreaUXToolUITests;
			productReference = B50A29692F0A5492006C5220 /* TappableAreaUXToolUITests.xctest */;
			productType = "com.apple.product-type.bundle.ui-testing";
		};
/* End PBXNativeTarget section */

/* Begin PBXProject section */
		B50A29412F0A5490006C5220 /* Project object */ = {
			isa = PBXProject;
			attributes = {
				BuildIndependentTargetsInParallel = 1;
				LastSwiftUpdateCheck = 2620;
				LastUpgradeCheck = 2620;
				TargetAttributes = {
					B50A29482F0A5490006C5220 = {
						CreatedOnToolsVersion = 26.2;
					};
					B50A295E2F0A5492006C5220 = {
						CreatedOnToolsVersion = 26.2;
						TestTargetID = B50A29482F0A5490006C5220;
					};
					B50A29682F0A5492006C5220 = {
						CreatedOnToolsVersion = 26.2;
						TestTargetID = B50A29482F0A5490006C5220;
					};
				};
			};
			buildConfigurationList = B50A29442F0A5490006C5220 /* Build configuration list for PBXProject "TappableAreaUXTool" */;
			developmentRegion = en;
			hasScannedForEncodings = 0;
			knownRegions = (
				en,
				Base,
			);
			mainGroup = B50A29402F0A5490006C5220;
			minimizedProjectReferenceProxies = 1;
			preferredProjectObjectVersion = 77;
			productRefGroup = B50A294A2F0A5490006C5220 /* Products */;
			projectDirPath = "";
			projectRoot = "";
			targets = (
				B50A29482F0A5490006C5220 /* TappableAreaUXTool */,
				B50A295E2F0A5492006C5220 /* TappableAreaUXToolTests */,
				B50A29682F0A5492006C5220 /* TappableAreaUXToolUITests */,
			);
		};
/* End PBXProject section */

/* Begin PBXResourcesBuildPhase section */
		B50A29472F0A5490006C5220 /* Resources */ = {
			isa = PBXResourcesBuildPhase;
			buildActionMask = 2147483647;
			files = (
			);
			runOnlyForDeploymentPostprocessing = 0;
		};
		B50A295D2F0A5492006C5220 /* Resources */ = {
			isa = PBXResourcesBuildPhase;
			buildActionMask = 2147483647;
			files = (
			);
			runOnlyForDeploymentPostprocessing = 0;
		};
		B50A29672F0A5492006C5220 /* Resources */ = {
			isa = PBXResourcesBuildPhase;
			buildActionMask = 2147483647;
			files = (
			);
			runOnlyForDeploymentPostprocessing = 0;
		};
/* End PBXResourcesBuildPhase section */

/* Begin PBXSourcesBuildPhase section */
		B50A29452F0A5490006C5220 /* Sources */ = {
			isa = PBXSourcesBuildPhase;
			buildActionMask = 2147483647;
			files = (
			);
			runOnlyForDeploymentPostprocessing = 0;
		};
		B50A295B2F0A5492006C5220 /* Sources */ = {
			isa = PBXSourcesBuildPhase;
			buildActionMask = 2147483647;
			files = (
			);
			runOnlyForDeploymentPostprocessing = 0;
		};
		B50A29652F0A5492006C5220 /* Sources */ = {
			isa = PBXSourcesBuildPhase;
			buildActionMask = 2147483647;
			files = (
			);
			runOnlyForDeploymentPostprocessing = 0;
		};
/* End PBXSourcesBuildPhase section */

/* Begin PBXTargetDependency section */
		B50A29612F0A5492006C5220 /* PBXTargetDependency */ = {
			isa = PBXTargetDependency;
			target = B50A29482F0A5490006C5220 /* TappableAreaUXTool */;
			targetProxy = B50A29602F0A5492006C5220 /* PBXContainerItemProxy */;
		};
		B50A296B2F0A5492006C5220 /* PBXTargetDependency */ = {
			isa = PBXTargetDependency;
			target = B50A29482F0A5490006C5220 /* TappableAreaUXTool */;
			targetProxy = B50A296A2F0A5492006C5220 /* PBXContainerItemProxy */;
		};
/* End PBXTargetDependency section */

/* Begin XCBuildConfiguration section */
		B50A29732F0A5492006C5220 /* Debug */ = {
			isa = XCBuildConfiguration;
			buildSettings = {
				ASSETCATALOG_COMPILER_APPICON_NAME = AppIcon;
				ASSETCATALOG_COMPILER_GLOBAL_ACCENT_COLOR_NAME = AccentColor;
				CODE_SIGN_STYLE = Automatic;
				CURRENT_PROJECT_VERSION = 1;
				DEVELOPMENT_TEAM = 89TVPT6RTP;
				GENERATE_INFOPLIST_FILE = YES;
				INFOPLIST_FILE = TappableAreaUXTool/Info.plist;
				INFOPLIST_KEY_UIApplicationSupportsIndirectInputEvents = YES;
				INFOPLIST_KEY_UILaunchStoryboardName = LaunchScreen;
				INFOPLIST_KEY_UIMainStoryboardFile = Main;
				INFOPLIST_KEY_UISupportedInterfaceOrientations_iPad = "UIInterfaceOrientationPortrait UIInterfaceOrientationPortraitUpsideDown UIInterfaceOrientationLandscapeLeft UIInterfaceOrientationLandscapeRight";
				INFOPLIST_KEY_UISupportedInterfaceOrientations_iPhone = "UIInterfaceOrientationPortrait UIInterfaceOrientationLandscapeLeft UIInterfaceOrientationLandscapeRight";
				IPHONEOS_DEPLOYMENT_TARGET = 16.0;
				LD_RUNPATH_SEARCH_PATHS = (
					"$(inherited)",
					"@executable_path/Frameworks",
				);
				MARKETING_VERSION = 1.0;
				PRODUCT_BUNDLE_IDENTIFIER = theabhieye.TappableAreaUXTool;
				PRODUCT_NAME = "$(TARGET_NAME)";
				STRING_CATALOG_GENERATE_SYMBOLS = YES;
				SWIFT_APPROACHABLE_CONCURRENCY = YES;
				SWIFT_DEFAULT_ACTOR_ISOLATION = MainActor;
				SWIFT_EMIT_LOC_STRINGS = YES;
				SWIFT_UPCOMING_FEATURE_MEMBER_IMPORT_VISIBILITY = YES;
				SWIFT_VERSION = 5.0;
				TARGETED_DEVICE_FAMILY = "1,2";
			};
			name = Debug;
		};
		B50A29742F0A5492006C5220 /* Release */ = {
			isa = XCBuildConfiguration;
			buildSettings = {
				ASSETCATALOG_COMPILER_APPICON_NAME = AppIcon;
				ASSETCATALOG_COMPILER_GLOBAL_ACCENT_COLOR_NAME = AccentColor;
				CODE_SIGN_STYLE = Automatic;
				CURRENT_PROJECT_VERSION = 1;
				DEVELOPMENT_TEAM = 89TVPT6RTP;
				GENERATE_INFOPLIST_FILE = YES;
				INFOPLIST_FILE = TappableAreaUXTool/Info.plist;
				INFOPLIST_KEY_UIApplicationSupportsIndirectInputEvents = YES;
				INFOPLIST_KEY_UILaunchStoryboardName = LaunchScreen;
				INFOPLIST_KEY_UIMainStoryboardFile = Main;
				INFOPLIST_KEY_UISupportedInterfaceOrientations_iPad = "UIInterfaceOrientationPortrait UIInterfaceOrientationPortraitUpsideDown UIInterfaceOrientationLandscapeLeft UIInterfaceOrientationLandscapeRight";
				INFOPLIST_KEY_UISupportedInterfaceOrientations_iPhone = "UIInterfaceOrientationPortrait UIInterfaceOrientationLandscapeLeft UIInterfaceOrientationLandscapeRight";
				IPHONEOS_DEPLOYMENT_TARGET = 16.0;
				LD_RUNPATH_SEARCH_PATHS = (
					"$(inherited)",
					"@executable_path/Frameworks",
				);
				MARKETING_VERSION = 1.0;
				PRODUCT_BUNDLE_IDENTIFIER = theabhieye.TappableAreaUXTool;
				PRODUCT_NAME = "$(TARGET_NAME)";
				STRING_CATALOG_GENERATE_SYMBOLS = YES;
				SWIFT_APPROACHABLE_CONCURRENCY = YES;
				SWIFT_DEFAULT_ACTOR_ISOLATION = MainActor;
				SWIFT_EMIT_LOC_STRINGS = YES;
				SWIFT_UPCOMING_FEATURE_MEMBER_IMPORT_VISIBILITY = YES;
				SWIFT_VERSION = 5.0;
				TARGETED_DEVICE_FAMILY = "1,2";
			};
			name = Release;
		};
		B50A29752F0A5492006C5220 /* Debug */ = {
			isa = XCBuildConfiguration;
			buildSettings = {
				ALWAYS_SEARCH_USER_PATHS = NO;
				ASSETCATALOG_COMPILER_GENERATE_SWIFT_ASSET_SYMBOL_EXTENSIONS = YES;
				CLANG_ANALYZER_NONNULL = YES;
				CLANG_ANALYZER_NUMBER_OBJECT_CONVERSION = YES_AGGRESSIVE;
				CLANG_CXX_LANGUAGE_STANDARD = "gnu++20";
				CLANG_ENABLE_MODULES = YES;
				CLANG_ENABLE_OBJC_ARC = YES;
				CLANG_ENABLE_OBJC_WEAK = YES;
				CLANG_WARN_BLOCK_CAPTURE_AUTORELEASING = YES;
				CLANG_WARN_BOOL_CONVERSION = YES;
				CLANG_WARN_COMMA = YES;
				CLANG_WARN_CONSTANT_CONVERSION = YES;
				CLANG_WARN_DEPRECATED_OBJC_IMPLEMENTATIONS = YES;
				CLANG_WARN_DIRECT_OBJC_ISA_USAGE = YES_ERROR;
				CLANG_WARN_DOCUMENTATION_COMMENTS = YES;
				CLANG_WARN_EMPTY_BODY = YES;
				CLANG_WARN_ENUM_CONVERSION = YES;
				CLANG_WARN_INFINITE_RECURSION = YES;
				CLANG_WARN_INT_CONVERSION = YES;
				CLANG_WARN_NON_LITERAL_NULL_CONVERSION = YES;
				CLANG_WARN_OBJC_IMPLICIT_RETAIN_SELF = YES;
				CLANG_WARN_OBJC_LITERAL_CONVERSION = YES;
				CLANG_WARN_OBJC_ROOT_CLASS = YES_ERROR;
				CLANG_WARN_QUOTED_INCLUDE_IN_FRAMEWORK_HEADER = YES;
				CLANG_WARN_RANGE_LOOP_ANALYSIS = YES;
				CLANG_WARN_STRICT_PROTOTYPES = YES;
				CLANG_WARN_SUSPICIOUS_MOVE = YES;
				CLANG_WARN_UNGUARDED_AVAILABILITY = YES_AGGRESSIVE;
				CLANG_WARN_UNREACHABLE_CODE = YES;
				CLANG_WARN__DUPLICATE_METHOD_MATCH = YES;
				COPY_PHASE_STRIP = NO;
				DEBUG_INFORMATION_FORMAT = dwarf;
				DEVELOPMENT_TEAM = 89TVPT6RTP;
				ENABLE_STRICT_OBJC_MSGSEND = YES;
				ENABLE_TESTABILITY = YES;
				ENABLE_USER_SCRIPT_SANDBOXING = YES;
				GCC_C_LANGUAGE_STANDARD = gnu17;
				GCC_DYNAMIC_NO_PIC = NO;
				GCC_NO_COMMON_BLOCKS = YES;
				GCC_OPTIMIZATION_LEVEL = 0;
				GCC_PREPROCESSOR_DEFINITIONS = (
					"DEBUG=1",
					"$(inherited)",
				);
				GCC_WARN_64_TO_32_BIT_CONVERSION = YES;
				GCC_WARN_ABOUT_RETURN_TYPE = YES_ERROR;
				GCC_WARN_UNDECLARED_SELECTOR = YES;
				GCC_WARN_UNINITIALIZED_AUTOS = YES_AGGRESSIVE;
				GCC_WARN_UNUSED_FUNCTION = YES;
				GCC_WARN_UNUSED_VARIABLE = YES;
				IPHONEOS_DEPLOYMENT_TARGET = 26.2;
				LOCALIZATION_PREFERS_STRING_CATALOGS = YES;
				MTL_ENABLE_DEBUG_INFO = INCLUDE_SOURCE;
				MTL_FAST_MATH = YES;
				ONLY_ACTIVE_ARCH = YES;
				SDKROOT = iphoneos;
				SWIFT_ACTIVE_COMPILATION_CONDITIONS = "DEBUG $(inherited)";
				SWIFT_OPTIMIZATION_LEVEL = "-Onone";
			};
			name = Debug;
		};
		B50A29762F0A5492006C5220 /* Release */ = {
			isa = XCBuildConfiguration;
			buildSettings = {
				ALWAYS_SEARCH_USER_PATHS = NO;
				ASSETCATALOG_COMPILER_GENERATE_SWIFT_ASSET_SYMBOL_EXTENSIONS = YES;
				CLANG_ANALYZER_NONNULL = YES;
				CLANG_ANALYZER_NUMBER_OBJECT_CONVERSION = YES_AGGRESSIVE;
				CLANG_CXX_LANGUAGE_STANDARD = "gnu++20";
				CLANG_ENABLE_MODULES = YES;
				CLANG_ENABLE_OBJC_ARC = YES;
				CLANG_ENABLE_OBJC_WEAK = YES;
				CLANG_WARN_BLOCK_CAPTURE_AUTORELEASING = YES;
				CLANG_WARN_BOOL_CONVERSION = YES;
				CLANG_WARN_COMMA = YES;
				CLANG_WARN_CONSTANT_CONVERSION = YES;
				CLANG_WARN_DEPRECATED_OBJC_IMPLEMENTATIONS = YES;
				CLANG_WARN_DIRECT_OBJC_ISA_USAGE = YES_ERROR;
				CLANG_WARN_DOCUMENTATION_COMMENTS = YES;
				CLANG_WARN_EMPTY_BODY = YES;
				CLANG_WARN_ENUM_CONVERSION = YES;
				CLANG_WARN_INFINITE_RECURSION = YES;
				CLANG_WARN_INT_CONVERSION = YES;
				CLANG_WARN_NON_LITERAL_NULL_CONVERSION = YES;
				CLANG_WARN_OBJC_IMPLICIT_RETAIN_SELF = YES;
				CLANG_WARN_OBJC_LITERAL_CONVERSION = YES;
				CLANG_WARN_OBJC_ROOT_CLASS = YES_ERROR;
				CLANG_WARN_QUOTED_INCLUDE_IN_FRAMEWORK_HEADER = YES;
				CLANG_WARN_RANGE_LOOP_ANALYSIS = YES;
				CLANG_WARN_STRICT_PROTOTYPES = YES;
				CLANG_WARN_SUSPICIOUS_MOVE = YES;
				CLANG_WARN_UNGUARDED_AVAILABILITY = YES_AGGRESSIVE;
				CLANG_WARN_UNREACHABLE_CODE = YES;
				CLANG_WARN__DUPLICATE_METHOD_MATCH = YES;
				COPY_PHASE_STRIP = NO;
				DEBUG_INFORMATION_FORMAT = "dwarf-with-dsym";
				DEVELOPMENT_TEAM = 89TVPT6RTP;
				ENABLE_NS_ASSERTIONS = NO;
				ENABLE_STRICT_OBJC_MSGSEND = YES;
				ENABLE_USER_SCRIPT_SANDBOXING = YES;
				GCC_C_LANGUAGE_STANDARD = gnu17;
				GCC_NO_COMMON_BLOCKS = YES;
				GCC_WARN_64_TO_32_BIT_CONVERSION = YES;
				GCC_WARN_ABOUT_RETURN_TYPE = YES_ERROR;
				GCC_WARN_UNDECLARED_SELECTOR = YES;
				GCC_WARN_UNINITIALIZED_AUTOS = YES_AGGRESSIVE;
				GCC_WARN_UNUSED_FUNCTION = YES;
				GCC_WARN_UNUSED_VARIABLE = YES;
				IPHONEOS_DEPLOYMENT_TARGET = 26.2;
				LOCALIZATION_PREFERS_STRING_CATALOGS = YES;
				MTL_ENABLE_DEBUG_INFO = NO;
				MTL_FAST_MATH = YES;
				SDKROOT = iphoneos;
				SWIFT_COMPILATION_MODE = wholemodule;
				VALIDATE_PRODUCT = YES;
			};
			name = Release;
		};
		B50A29782F0A5492006C5220 /* Debug */ = {
			isa = XCBuildConfiguration;
			buildSettings = {
				BUNDLE_LOADER = "$(TEST_HOST)";
				CODE_SIGN_STYLE = Automatic;
				CURRENT_PROJECT_VERSION = 1;
				DEVELOPMENT_TEAM = 89TVPT6RTP;
				GENERATE_INFOPLIST_FILE = YES;
				IPHONEOS_DEPLOYMENT_TARGET = 26.2;
				MARKETING_VERSION = 1.0;
				PRODUCT_BUNDLE_IDENTIFIER = theabhieye.TappableAreaUXToolTests;
				PRODUCT_NAME = "$(TARGET_NAME)";
				STRING_CATALOG_GENERATE_SYMBOLS = NO;
				SWIFT_APPROACHABLE_CONCURRENCY = YES;
				SWIFT_EMIT_LOC_STRINGS = NO;
				SWIFT_UPCOMING_FEATURE_MEMBER_IMPORT_VISIBILITY = YES;
				SWIFT_VERSION = 5.0;
				TARGETED_DEVICE_FAMILY = "1,2";
				TEST_HOST = "$(BUILT_PRODUCTS_DIR)/TappableAreaUXTool.app/$(BUNDLE_EXECUTABLE_FOLDER_PATH)/TappableAreaUXTool";
			};
			name = Debug;
		};
		B50A29792F0A5492006C5220 /* Release */ = {
			isa = XCBuildConfiguration;
			buildSettings = {
				BUNDLE_LOADER = "$(TEST_HOST)";
				CODE_SIGN_STYLE = Automatic;
				CURRENT_PROJECT_VERSION = 1;
				DEVELOPMENT_TEAM = 89TVPT6RTP;
				GENERATE_INFOPLIST_FILE = YES;
				IPHONEOS_DEPLOYMENT_TARGET = 26.2;
				MARKETING_VERSION = 1.0;
				PRODUCT_BUNDLE_IDENTIFIER = theabhieye.TappableAreaUXToolTests;
				PRODUCT_NAME = "$(TARGET_NAME)";
				STRING_CATALOG_GENERATE_SYMBOLS = NO;
				SWIFT_APPROACHABLE_CONCURRENCY = YES;
				SWIFT_EMIT_LOC_STRINGS = NO;
				SWIFT_UPCOMING_FEATURE_MEMBER_IMPORT_VISIBILITY = YES;
				SWIFT_VERSION = 5.0;
				TARGETED_DEVICE_FAMILY = "1,2";
				TEST_HOST = "$(BUILT_PRODUCTS_DIR)/TappableAreaUXTool.app/$(BUNDLE_EXECUTABLE_FOLDER_PATH)/TappableAreaUXTool";
			};
			name = Release;
		};
		B50A297B2F0A5492006C5220 /* Debug */ = {
			isa = XCBuildConfiguration;
			buildSettings = {
				CODE_SIGN_STYLE = Automatic;
				CURRENT_PROJECT_VERSION = 1;
				DEVELOPMENT_TEAM = 89TVPT6RTP;
				GENERATE_INFOPLIST_FILE = YES;
				MARKETING_VERSION = 1.0;
				PRODUCT_BUNDLE_IDENTIFIER = theabhieye.TappableAreaUXToolUITests;
				PRODUCT_NAME = "$(TARGET_NAME)";
				STRING_CATALOG_GENERATE_SYMBOLS = NO;
				SWIFT_APPROACHABLE_CONCURRENCY = YES;
				SWIFT_EMIT_LOC_STRINGS = NO;
				SWIFT_UPCOMING_FEATURE_MEMBER_IMPORT_VISIBILITY = YES;
				SWIFT_VERSION = 5.0;
				TARGETED_DEVICE_FAMILY = "1,2";
				TEST_TARGET_NAME = TappableAreaUXTool;
			};
			name = Debug;
		};
		B50A297C2F0A5492006C5220 /* Release */ = {
			isa = XCBuildConfiguration;
			buildSettings = {
				CODE_SIGN_STYLE = Automatic;
				CURRENT_PROJECT_VERSION = 1;
				DEVELOPMENT_TEAM = 89TVPT6RTP;
				GENERATE_INFOPLIST_FILE = YES;
				MARKETING_VERSION = 1.0;
				PRODUCT_BUNDLE_IDENTIFIER = theabhieye.TappableAreaUXToolUITests;
				PRODUCT_NAME = "$(TARGET_NAME)";
				STRING_CATALOG_GENERATE_SYMBOLS = NO;
				SWIFT_APPROACHABLE_CONCURRENCY = YES;
				SWIFT_EMIT_LOC_STRINGS = NO;
				SWIFT_UPCOMING_FEATURE_MEMBER_IMPORT_VISIBILITY = YES;
				SWIFT_VERSION = 5.0;
				TARGETED_DEVICE_FAMILY = "1,2";
				TEST_TARGET_NAME = TappableAreaUXTool;
			};
			name = Release;
		};
/* End XCBuildConfiguration section */

/* Begin XCConfigurationList section */
		B50A29442F0A5490006C5220 /* Build configuration list for PBXProject "TappableAreaUXTool" */ = {
			isa = XCConfigurationList;
			buildConfigurations = (
				B50A29752F0A5492006C5220 /* Debug */,
				B50A29762F0A5492006C5220 /* Release */,
			);
			defaultConfigurationIsVisible = 0;
			defaultConfigurationName = Release;
		};
		B50A29722F0A5492006C5220 /* Build configuration list for PBXNativeTarget "TappableAreaUXTool" */ = {
			isa = XCConfigurationList;
			buildConfigurations = (
				B50A29732F0A5492006C5220 /* Debug */,
				B50A29742F0A5492006C5220 /* Release */,
			);
			defaultConfigurationIsVisible = 0;
			defaultConfigurationName = Release;
		};
		B50A29772F0A5492006C5220 /* Build configuration list for PBXNativeTarget "TappableAreaUXToolTests" */ = {
			isa = XCConfigurationList;
			buildConfigurations = (
				B50A29782F0A5492006C5220 /* Debug */,
				B50A29792F0A5492006C5220 /* Release */,
			);
			defaultConfigurationIsVisible = 0;
			defaultConfigurationName = Release;
		};
		B50A297A2F0A5492006C5220 /* Build configuration list for PBXNativeTarget "TappableAreaUXToolUITests" */ = {
			isa = XCConfigurationList;
			buildConfigurations = (
				B50A297B2F0A5492006C5220 /* Debug */,
				B50A297C2F0A5492006C5220 /* Release */,
			);
			defaultConfigurationIsVisible = 0;
			defaultConfigurationName = Release;
		};
/* End XCConfigurationList section */
	};
	rootObject = B50A29412F0A5490006C5220 /* Project object */;
}
